
Microsoft Visual Studio Solution File, Format Version 12.00
# Visual Studio 15
VisualStudioVersion = 15.0.27703.2042
MinimumVisualStudioVersion = 10.0.40219.1
Project("{9A19103F-16F7-4668-BE54-9A1E7A4F7556}") = "SportEvent", "SportEvent\SportEvent.csproj", "{26EA5A95-E9F9-4D7E-9FD6-0FB50CBDCE5D}"
EndProject
Project("{9A19103F-16F7-4668-BE54-9A1E7A4F7556}") = "SportEvent.Bll", "SportEvent.Bll\SportEvent.Bll.csproj", "{552F2E20-EDB7-4AC7-89AC-7E5C56E28ED3}"
EndProject
Project("{9A19103F-16F7-4668-BE54-9A1E7A4F7556}") = "SportEvent.Data", "SportEvent.Data\SportEvent.Data.csproj", "{341E10EE-CB4A-418B-8D80-7A86307157BB}"
EndProject
Project("{9A19103F-16F7-4668-BE54-9A1E7A4F7556}") = "SportEvent.Helper", "SportEvent.Helper\SportEvent.Helper.csproj", "{CABA7EFC-2297-4BBB-9824-0133CA3210F9}"
EndProject
Project("{E53339B2-1760-4266-BCC7-CA923CBCF16C}") = "docker-compose", "docker-compose.dcproj", "{8FFB88DC-0CAC-4053-81F6-AAF6DE35A350}"
EndProject
Global
	GlobalSection(SolutionConfigurationPlatforms) = preSolution
		Debug|Any CPU = Debug|Any CPU
		Release|Any CPU = Release|Any CPU
	EndGlobalSection
	GlobalSection(ProjectConfigurationPlatforms) = postSolution
		{26EA5A95-E9F9-4D7E-9FD6-0FB50CBDCE5D}.Debug|Any CPU.ActiveCfg = Debug|Any CPU
		{26EA5A95-E9F9-4D7E-9FD6-0FB50CBDCE5D}.Debug|Any CPU.Build.0 = Debug|Any CPU
		{26EA5A95-E9F9-4D7E-9FD6-0FB50CBDCE5D}.Release|Any CPU.ActiveCfg = Release|Any CPU
		{26EA5A95-E9F9-4D7E-9FD6-0FB50CBDCE5D}.Release|Any CPU.Build.0 = Release|Any CPU
		{552F2E20-EDB7-4AC7-89AC-7E5C56E28ED3}.Debug|Any CPU.ActiveCfg = Debug|Any CPU
		{552F2E20-EDB7-4AC7-89AC-7E5C56E28ED3}.Debug|Any CPU.Build.0 = Debug|Any CPU
		{552F2E20-EDB7-4AC7-89AC-7E5C56E28ED3}.Release|Any CPU.ActiveCfg = Release|Any CPU
		{552F2E20-EDB7-4AC7-89AC-7E5C56E28ED3}.Release|Any CPU.Build.0 = Release|Any CPU
		{341E10EE-CB4A-418B-8D80-7A86307157BB}.Debug|Any CPU.ActiveCfg = Debug|Any CPU
		{341E10EE-CB4A-418B-8D80-7A86307157BB}.Debug|Any CPU.Build.0 = Debug|Any CPU
		{341E10EE-CB4A-418B-8D80-7A86307157BB}.Release|Any CPU.ActiveCfg = Release|Any CPU
		{341E10EE-CB4A-418B-8D80-7A86307157BB}.Release|Any CPU.Build.0 = Release|Any CPU
		{CABA7EFC-2297-4BBB-9824-0133CA3210F9}.Debug|Any CPU.ActiveCfg = Debug|Any CPU
		{CABA7EFC-2297-4BBB-9824-0133CA3210F9}.Debug|Any CPU.Build.0 = Debug|Any CPU
		{CABA7EFC-2297-4BBB-9824-0133CA3210F9}.Release|Any CPU.ActiveCfg = Release|Any CPU
		{CABA7EFC-2297-4BBB-9824-0133CA3210F9}.Release|Any CPU.Build.0 = Release|Any CPU
		{8FFB88DC-0CAC-4053-81F6-AAF6DE35A350}.Debug|Any CPU.ActiveCfg = Debug|Any CPU
		{8FFB88DC-0CAC-4053-81F6-AAF6DE35A350}.Debug|Any CPU.Build.0 = Debug|Any CPU
		{8FFB88DC-0CAC-4053-81F6-AAF6DE35A350}.Release|Any CPU.ActiveCfg = Release|Any CPU
		{8FFB88DC-0CAC-4053-81F6-AAF6DE35A350}.Release|Any CPU.Build.0 = Release|Any CPU
	EndGlobalSection
	GlobalSection(SolutionProperties) = preSolution
		HideSolutionNode = FALSE
	EndGlobalSection
	GlobalSection(ExtensibilityGlobals) = postSolution
		SolutionGuid = {244DD234-4383-4D68-B6BE-9FB4231D1B25}
	EndGlobalSection
EndGlobal
